{
  "name": "mobileproject",
  "lockfileVersion": 2,
  "requires": true,
  "packages": {
    "": {
      "dependencies": {
        "create-react-project": "^0.0.30"
      }
    },
    "node_modules/create-react-project": {
      "version": "0.0.30",
      "resolved": "https://registry.npmjs.org/create-react-project/-/create-react-project-0.0.30.tgz",
      "integrity": "sha512-Gj9piCEy5pg6FJy1gSolD88MvnaYYKmAv1nUBwwqmaP9lTFf3YZ56Cr9W21+IebuZ67szWIOo1Elchv+BwrTzQ==",
      "hasInstallScript": true,
      "dependencies": {
        "shelljs": "0.6.0"
      },
      "bin": {
        "create-react-project": "index.js"
      }
    },
    "node_modules/shelljs": {
      "version": "0.6.0",
      "resolved": "https://registry.npmjs.org/shelljs/-/shelljs-0.6.0.tgz",
      "integrity": "sha512-BZxO6AWLZw+C+LD5JSlLZKePa7Q056KsBmptVRFSEvRWGPFwd7ujLVWHLdBjYPGtexWRBAXNDK/o46Ph6tBt7w==",
      "bin": {
        "shjs": "bin/shjs"
      },
      "engines": {
        "node": ">=0.10.0"
      }
    }
  },
  "dependencies": {
    "create-react-project": {
      "version": "0.0.30",
      "resolved": "https://registry.npmjs.org/create-react-project/-/create-react-project-0.0.30.tgz",
      "integrity": "sha512-Gj9piCEy5pg6FJy1gSolD88MvnaYYKmAv1nUBwwqmaP9lTFf3YZ56Cr9W21+IebuZ67szWIOo1Elchv+BwrTzQ==",
      "requires": {
        "shelljs": "0.6.0"
      }
    },
    "shelljs": {
      "version": "0.6.0",
      "resolved": "https://registry.npmjs.org/shelljs/-/shelljs-0.6.0.tgz",
      "integrity": "sha512-BZxO6AWLZw+C+LD5JSlLZKePa7Q056KsBmptVRFSEvRWGPFwd7ujLVWHLdBjYPGtexWRBAXNDK/o46Ph6tBt7w=="
    }
  }
}
